
Microsoft Visual Studio Solution File, Format Version 12.00
# Visual Studio Version 17
VisualStudioVersion = 17.14.36109.1 d17.14
MinimumVisualStudioVersion = 10.0.40219.1
Project("{FAE04EC0-301F-11D3-BF4B-00C04F79EFBC}") = "GerarMassa", "GerarMassa\GerarMassa.csproj", "{9B9C2331-9435-4CB6-9ABB-29BE1D0ED275}"
EndProject
Global
	GlobalSection(SolutionConfigurationPlatforms) = preSolution
		Debug|Any CPU = Debug|Any CPU
		Release|Any CPU = Release|Any CPU
	EndGlobalSection
	GlobalSection(ProjectConfigurationPlatforms) = postSolution
		{9B9C2331-9435-4CB6-9ABB-29BE1D0ED275}.Debug|Any CPU.ActiveCfg = Debug|Any CPU
		{9B9C2331-9435-4CB6-9ABB-29BE1D0ED275}.Debug|Any CPU.Build.0 = Debug|Any CPU
		{9B9C2331-9435-4CB6-9ABB-29BE1D0ED275}.Release|Any CPU.ActiveCfg = Release|Any CPU
		{9B9C2331-9435-4CB6-9ABB-29BE1D0ED275}.Release|Any CPU.Build.0 = Release|Any CPU
	EndGlobalSection
	GlobalSection(SolutionProperties) = preSolution
		HideSolutionNode = FALSE
	EndGlobalSection
	GlobalSection(ExtensibilityGlobals) = postSolution
		SolutionGuid = {D43E74C7-634F-4462-933D-CCB910BC08E7}
	EndGlobalSection
EndGlobal
